
Microsoft Visual Studio Solution File, Format Version 12.00
# Visual Studio 15
VisualStudioVersion = 15.0.28307.1062
MinimumVisualStudioVersion = 10.0.40219.1
Project("{9A19103F-16F7-4668-BE54-9A1E7A4F7556}") = "13test", "13test.csproj", "{3971DE8D-59C9-46B8-843D-4F1CF440082A}"
EndProject
Global
	GlobalSection(SolutionConfigurationPlatforms) = preSolution
		Debug|Any CPU = Debug|Any CPU
		Release|Any CPU = Release|Any CPU
	EndGlobalSection
	GlobalSection(ProjectConfigurationPlatforms) = postSolution
		{3971DE8D-59C9-46B8-843D-4F1CF440082A}.Debug|Any CPU.ActiveCfg = Debug|Any CPU
		{3971DE8D-59C9-46B8-843D-4F1CF440082A}.Debug|Any CPU.Build.0 = Debug|Any CPU
		{3971DE8D-59C9-46B8-843D-4F1CF440082A}.Release|Any CPU.ActiveCfg = Release|Any CPU
		{3971DE8D-59C9-46B8-843D-4F1CF440082A}.Release|Any CPU.Build.0 = Release|Any CPU
	EndGlobalSection
	GlobalSection(SolutionProperties) = preSolution
		HideSolutionNode = FALSE
	EndGlobalSection
	GlobalSection(ExtensibilityGlobals) = postSolution
		SolutionGuid = {3DA05A5E-39CF-4237-9D29-16FD8E7D9DAB}
	EndGlobalSection
EndGlobal
