
Microsoft Visual Studio Solution File, Format Version 12.00
# Visual Studio 15
VisualStudioVersion = 15.0.28307.1062
MinimumVisualStudioVersion = 10.0.40219.1
Project("{9A19103F-16F7-4668-BE54-9A1E7A4F7556}") = "11test", "11test.csproj", "{4C4E89F4-AE33-47B7-A4CE-3170D93AE7E2}"
EndProject
Global
	GlobalSection(SolutionConfigurationPlatforms) = preSolution
		Debug|Any CPU = Debug|Any CPU
		Release|Any CPU = Release|Any CPU
	EndGlobalSection
	GlobalSection(ProjectConfigurationPlatforms) = postSolution
		{4C4E89F4-AE33-47B7-A4CE-3170D93AE7E2}.Debug|Any CPU.ActiveCfg = Debug|Any CPU
		{4C4E89F4-AE33-47B7-A4CE-3170D93AE7E2}.Debug|Any CPU.Build.0 = Debug|Any CPU
		{4C4E89F4-AE33-47B7-A4CE-3170D93AE7E2}.Release|Any CPU.ActiveCfg = Release|Any CPU
		{4C4E89F4-AE33-47B7-A4CE-3170D93AE7E2}.Release|Any CPU.Build.0 = Release|Any CPU
	EndGlobalSection
	GlobalSection(SolutionProperties) = preSolution
		HideSolutionNode = FALSE
	EndGlobalSection
	GlobalSection(ExtensibilityGlobals) = postSolution
		SolutionGuid = {976C9B6C-A49F-4111-AA58-20A738547F9C}
	EndGlobalSection
EndGlobal
