
Microsoft Visual Studio Solution File, Format Version 12.00
# Visual Studio 15
VisualStudioVersion = 15.0.28307.1062
MinimumVisualStudioVersion = 10.0.40219.1
Project("{FAE04EC0-301F-11D3-BF4B-00C04F79EFBC}") = "16test", "16test\16test.csproj", "{891010F5-B744-44FD-B714-4CA053075BDD}"
EndProject
Global
	GlobalSection(SolutionConfigurationPlatforms) = preSolution
		Debug|Any CPU = Debug|Any CPU
		Release|Any CPU = Release|Any CPU
	EndGlobalSection
	GlobalSection(ProjectConfigurationPlatforms) = postSolution
		{891010F5-B744-44FD-B714-4CA053075BDD}.Debug|Any CPU.ActiveCfg = Debug|Any CPU
		{891010F5-B744-44FD-B714-4CA053075BDD}.Debug|Any CPU.Build.0 = Debug|Any CPU
		{891010F5-B744-44FD-B714-4CA053075BDD}.Release|Any CPU.ActiveCfg = Release|Any CPU
		{891010F5-B744-44FD-B714-4CA053075BDD}.Release|Any CPU.Build.0 = Release|Any CPU
	EndGlobalSection
	GlobalSection(SolutionProperties) = preSolution
		HideSolutionNode = FALSE
	EndGlobalSection
	GlobalSection(ExtensibilityGlobals) = postSolution
		SolutionGuid = {A6D14591-AEB9-41BC-9823-5E938D42ACEB}
	EndGlobalSection
EndGlobal
