
Microsoft Visual Studio Solution File, Format Version 12.00
# Visual Studio 15
VisualStudioVersion = 15.0.28307.421
MinimumVisualStudioVersion = 10.0.40219.1
Project("{9A19103F-16F7-4668-BE54-9A1E7A4F7556}") = "HelloWorld", "HelloWorld.csproj", "{6FFE39C1-BEA3-4362-B938-A9807200E1DA}"
EndProject
Global
	GlobalSection(SolutionConfigurationPlatforms) = preSolution
		Debug|Any CPU = Debug|Any CPU
		Release|Any CPU = Release|Any CPU
	EndGlobalSection
	GlobalSection(ProjectConfigurationPlatforms) = postSolution
		{6FFE39C1-BEA3-4362-B938-A9807200E1DA}.Debug|Any CPU.ActiveCfg = Debug|Any CPU
		{6FFE39C1-BEA3-4362-B938-A9807200E1DA}.Debug|Any CPU.Build.0 = Debug|Any CPU
		{6FFE39C1-BEA3-4362-B938-A9807200E1DA}.Release|Any CPU.ActiveCfg = Release|Any CPU
		{6FFE39C1-BEA3-4362-B938-A9807200E1DA}.Release|Any CPU.Build.0 = Release|Any CPU
	EndGlobalSection
	GlobalSection(SolutionProperties) = preSolution
		HideSolutionNode = FALSE
	EndGlobalSection
	GlobalSection(ExtensibilityGlobals) = postSolution
		SolutionGuid = {45085134-DABB-4ECB-8988-173FB3BC20D5}
	EndGlobalSection
EndGlobal
